<Solution>
  <Project Path="ConsumptionPredictionWebApi/ConsumptionPredictionWebApi.csproj" />
  <Project Path="GrpcPredictionHistoryService/GrpcPredictionHistoryService.csproj" Id="0b3bee01-884c-4417-8815-07e2dea1251b" />
  <Project Path="Mirosnicenco_Eugenia_Proiect/Mirosnicenco_Eugenia_Proiect.csproj" />
</Solution>
